// !$*UTF8*$!
{
	archiveVersion = 1;
	classes = {
	};
	objectVersion = 46;
	objects = {

/* Begin PBXAggregateTarget section */
		"SReachbility::SReachbilityPackageTests::ProductTarget" /* SReachabilityPackageTests */ = {
			isa = PBXAggregateTarget;
			buildConfigurationList = OBJ_39 /* Build configuration list for PBXAggregateTarget "SReachabilityPackageTests" */;
			buildPhases = (
			);
			dependencies = (
				OBJ_42 /* PBXTargetDependency */,
			);
			name = SReachabilityPackageTests;
			productName = SReachbilityPackageTests;
		};
/* End PBXAggregateTarget section */

/* Begin PBXBuildFile section */
		OBJ_21 /* Package.swift in Sources */ = {isa = PBXBuildFile; fileRef = OBJ_6 /* Package.swift */; };
		OBJ_27 /* ReachabilityTests.swift in Sources */ = {isa = PBXBuildFile; fileRef = OBJ_12 /* ReachabilityTests.swift */; };
		OBJ_29 /* SReachbility.framework in Frameworks */ = {isa = PBXBuildFile; fileRef = "SReachbility::SReachbility::Product" /* SReachbility.framework */; };
		OBJ_36 /* Reachability.swift in Sources */ = {isa = PBXBuildFile; fileRef = OBJ_9 /* Reachability.swift */; };
/* End PBXBuildFile section */

/* Begin PBXContainerItemProxy section */
		627C9CE01FF6142900557050 /* PBXContainerItemProxy */ = {
			isa = PBXContainerItemProxy;
			containerPortal = OBJ_1 /* Project object */;
			proxyType = 1;
			remoteGlobalIDString = "SReachbility::SReachbility";
			remoteInfo = SReachbility;
		};
		627C9CE11FF6142900557050 /* PBXContainerItemProxy */ = {
			isa = PBXContainerItemProxy;
			containerPortal = OBJ_1 /* Project object */;
			proxyType = 1;
			remoteGlobalIDString = "SReachbility::SReachbilityTests";
			remoteInfo = SReachbilityTests;
		};
/* End PBXContainerItemProxy section */

/* Begin PBXFileReference section */
		OBJ_12 /* ReachabilityTests.swift */ = {isa = PBXFileReference; lastKnownFileType = sourcecode.swift; path = ReachabilityTests.swift; sourceTree = "<group>"; };
		OBJ_6 /* Package.swift */ = {isa = PBXFileReference; explicitFileType = sourcecode.swift; path = Package.swift; sourceTree = "<group>"; };
		OBJ_9 /* Reachability.swift */ = {isa = PBXFileReference; lastKnownFileType = sourcecode.swift; path = Reachability.swift; sourceTree = "<group>"; };
		"SReachbility::SReachbility::Product" /* SReachbility.framework */ = {isa = PBXFileReference; explicitFileType = wrapper.framework; path = SReachbility.framework; sourceTree = BUILT_PRODUCTS_DIR; };
		"SReachbility::SReachbilityTests::Product" /* SReachabilityTests.xctest */ = {isa = PBXFileReference; explicitFileType = wrapper.cfbundle; path = SReachabilityTests.xctest; sourceTree = BUILT_PRODUCTS_DIR; };
/* End PBXFileReference section */

/* Begin PBXFrameworksBuildPhase section */
		OBJ_28 /* Frameworks */ = {
			isa = PBXFrameworksBuildPhase;
			buildActionMask = 0;
			files = (
				OBJ_29 /* SReachbility.framework in Frameworks */,
			);
			runOnlyForDeploymentPostprocessing = 0;
		};
		OBJ_37 /* Frameworks */ = {
			isa = PBXFrameworksBuildPhase;
			buildActionMask = 0;
			files = (
			);
			runOnlyForDeploymentPostprocessing = 0;
		};
/* End PBXFrameworksBuildPhase section */

/* Begin PBXGroup section */
		OBJ_10 /* Tests */ = {
			isa = PBXGroup;
			children = (
				OBJ_11 /* SReachbilityTests */,
			);
			name = Tests;
			sourceTree = SOURCE_ROOT;
		};
		OBJ_11 /* SReachbilityTests */ = {
			isa = PBXGroup;
			children = (
				OBJ_12 /* ReachabilityTests.swift */,
			);
			name = SReachbilityTests;
			path = Tests/SReachbilityTests;
			sourceTree = SOURCE_ROOT;
		};
		OBJ_13 /* Products */ = {
			isa = PBXGroup;
			children = (
				"SReachbility::SReachbilityTests::Product" /* SReachabilityTests.xctest */,
				"SReachbility::SReachbility::Product" /* SReachbility.framework */,
			);
			name = Products;
			sourceTree = BUILT_PRODUCTS_DIR;
		};
		OBJ_5 = {
			isa = PBXGroup;
			children = (
				OBJ_6 /* Package.swift */,
				OBJ_7 /* Sources */,
				OBJ_10 /* Tests */,
				OBJ_13 /* Products */,
			);
			sourceTree = "<group>";
		};
		OBJ_7 /* Sources */ = {
			isa = PBXGroup;
			children = (
				OBJ_8 /* SReachbility */,
			);
			name = Sources;
			sourceTree = SOURCE_ROOT;
		};
		OBJ_8 /* SReachbility */ = {
			isa = PBXGroup;
			children = (
				OBJ_9 /* Reachability.swift */,
			);
			name = SReachbility;
			path = Sources/SReachbility;
			sourceTree = SOURCE_ROOT;
		};
/* End PBXGroup section */

/* Begin PBXNativeTarget section */
		"SReachbility::SReachbility" /* SReachability */ = {
			isa = PBXNativeTarget;
			buildConfigurationList = OBJ_32 /* Build configuration list for PBXNativeTarget "SReachability" */;
			buildPhases = (
				OBJ_35 /* Sources */,
				OBJ_37 /* Frameworks */,
			);
			buildRules = (
			);
			dependencies = (
			);
			name = SReachability;
			productName = SReachbility;
			productReference = "SReachbility::SReachbility::Product" /* SReachbility.framework */;
			productType = "com.apple.product-type.framework";
		};
		"SReachbility::SReachbilityTests" /* SReachabilityTests */ = {
			isa = PBXNativeTarget;
			buildConfigurationList = OBJ_23 /* Build configuration list for PBXNativeTarget "SReachabilityTests" */;
			buildPhases = (
				OBJ_26 /* Sources */,
				OBJ_28 /* Frameworks */,
			);
			buildRules = (
			);
			dependencies = (
				OBJ_30 /* PBXTargetDependency */,
			);
			name = SReachabilityTests;
			productName = SReachbilityTests;
			productReference = "SReachbility::SReachbilityTests::Product" /* SReachabilityTests.xctest */;
			productType = "com.apple.product-type.bundle.unit-test";
		};
		"SReachbility::SwiftPMPackageDescription" /* SReachabilityPackageDescription */ = {
			isa = PBXNativeTarget;
			buildConfigurationList = OBJ_17 /* Build configuration list for PBXNativeTarget "SReachabilityPackageDescription" */;
			buildPhases = (
				OBJ_20 /* Sources */,
			);
			buildRules = (
			);
			dependencies = (
			);
			name = SReachabilityPackageDescription;
			productName = SReachbilityPackageDescription;
			productType = "com.apple.product-type.framework";
		};
/* End PBXNativeTarget section */

/* Begin PBXProject section */
		OBJ_1 /* Project object */ = {
			isa = PBXProject;
			attributes = {
				LastUpgradeCheck = 9999;
			};
			buildConfigurationList = OBJ_2 /* Build configuration list for PBXProject "SReachability" */;
			compatibilityVersion = "Xcode 3.2";
			developmentRegion = English;
			hasScannedForEncodings = 0;
			knownRegions = (
				en,
			);
			mainGroup = OBJ_5;
			productRefGroup = OBJ_13 /* Products */;
			projectDirPath = "";
			projectRoot = "";
			targets = (
				"SReachbility::SwiftPMPackageDescription" /* SReachabilityPackageDescription */,
				"SReachbility::SReachbilityTests" /* SReachabilityTests */,
				"SReachbility::SReachbility" /* SReachability */,
				"SReachbility::SReachbilityPackageTests::ProductTarget" /* SReachabilityPackageTests */,
			);
		};
/* End PBXProject section */

/* Begin PBXSourcesBuildPhase section */
		OBJ_20 /* Sources */ = {
			isa = PBXSourcesBuildPhase;
			buildActionMask = 0;
			files = (
				OBJ_21 /* Package.swift in Sources */,
			);
			runOnlyForDeploymentPostprocessing = 0;
		};
		OBJ_26 /* Sources */ = {
			isa = PBXSourcesBuildPhase;
			buildActionMask = 0;
			files = (
				OBJ_27 /* ReachabilityTests.swift in Sources */,
			);
			runOnlyForDeploymentPostprocessing = 0;
		};
		OBJ_35 /* Sources */ = {
			isa = PBXSourcesBuildPhase;
			buildActionMask = 0;
			files = (
				OBJ_36 /* Reachability.swift in Sources */,
			);
			runOnlyForDeploymentPostprocessing = 0;
		};
/* End PBXSourcesBuildPhase section */

/* Begin PBXTargetDependency section */
		OBJ_30 /* PBXTargetDependency */ = {
			isa = PBXTargetDependency;
			target = "SReachbility::SReachbility" /* SReachability */;
			targetProxy = 627C9CE01FF6142900557050 /* PBXContainerItemProxy */;
		};
		OBJ_42 /* PBXTargetDependency */ = {
			isa = PBXTargetDependency;
			target = "SReachbility::SReachbilityTests" /* SReachabilityTests */;
			targetProxy = 627C9CE11FF6142900557050 /* PBXContainerItemProxy */;
		};
/* End PBXTargetDependency section */

/* Begin XCBuildConfiguration section */
		OBJ_18 /* Debug */ = {
			isa = XCBuildConfiguration;
			buildSettings = {
				LD = /usr/bin/true;
				OTHER_SWIFT_FLAGS = "-swift-version 4 -I /Applications/Xcode.app/Contents/Developer/Toolchains/XcodeDefault.xctoolchain/usr/lib/swift/pm/4 -target x86_64-apple-macosx10.10 -sdk /Applications/Xcode.app/Contents/Developer/Platforms/MacOSX.platform/Developer/SDKs/MacOSX10.13.sdk";
				PRODUCT_NAME = SReachabilityPackageDescription;
				SWIFT_VERSION = 4.0;
			};
			name = Debug;
		};
		OBJ_19 /* Release */ = {
			isa = XCBuildConfiguration;
			buildSettings = {
				LD = /usr/bin/true;
				OTHER_SWIFT_FLAGS = "-swift-version 4 -I /Applications/Xcode.app/Contents/Developer/Toolchains/XcodeDefault.xctoolchain/usr/lib/swift/pm/4 -target x86_64-apple-macosx10.10 -sdk /Applications/Xcode.app/Contents/Developer/Platforms/MacOSX.platform/Developer/SDKs/MacOSX10.13.sdk";
				PRODUCT_NAME = SReachabilityPackageDescription;
				SWIFT_VERSION = 4.0;
			};
			name = Release;
		};
		OBJ_24 /* Debug */ = {
			isa = XCBuildConfiguration;
			buildSettings = {
				EMBEDDED_CONTENT_CONTAINS_SWIFT = YES;
				FRAMEWORK_SEARCH_PATHS = (
					"$(inherited)",
					"$(PLATFORM_DIR)/Developer/Library/Frameworks",
				);
				HEADER_SEARCH_PATHS = "$(inherited)";
				INFOPLIST_FILE = SReachbility.xcodeproj/SReachbilityTests_Info.plist;
				LD_RUNPATH_SEARCH_PATHS = "@loader_path/../Frameworks @loader_path/Frameworks";
				OTHER_LDFLAGS = "$(inherited)";
				OTHER_SWIFT_FLAGS = "$(inherited)";
				PRODUCT_NAME = SReachabilityTests;
				SWIFT_VERSION = 4.0;
				TARGET_NAME = SReachbilityTests;
			};
			name = Debug;
		};
		OBJ_25 /* Release */ = {
			isa = XCBuildConfiguration;
			buildSettings = {
				EMBEDDED_CONTENT_CONTAINS_SWIFT = YES;
				FRAMEWORK_SEARCH_PATHS = (
					"$(inherited)",
					"$(PLATFORM_DIR)/Developer/Library/Frameworks",
				);
				HEADER_SEARCH_PATHS = "$(inherited)";
				INFOPLIST_FILE = SReachbility.xcodeproj/SReachbilityTests_Info.plist;
				LD_RUNPATH_SEARCH_PATHS = "@loader_path/../Frameworks @loader_path/Frameworks";
				OTHER_LDFLAGS = "$(inherited)";
				OTHER_SWIFT_FLAGS = "$(inherited)";
				PRODUCT_NAME = SReachabilityTests;
				SWIFT_VERSION = 4.0;
				TARGET_NAME = SReachbilityTests;
			};
			name = Release;
		};
		OBJ_3 /* Debug */ = {
			isa = XCBuildConfiguration;
			buildSettings = {
				CLANG_ENABLE_OBJC_ARC = YES;
				COMBINE_HIDPI_IMAGES = YES;
				COPY_PHASE_STRIP = NO;
				DEBUG_INFORMATION_FORMAT = dwarf;
				DYLIB_INSTALL_NAME_BASE = "@rpath";
				ENABLE_NS_ASSERTIONS = YES;
				GCC_OPTIMIZATION_LEVEL = 0;
				MACOSX_DEPLOYMENT_TARGET = 10.10;
				ONLY_ACTIVE_ARCH = YES;
				OTHER_SWIFT_FLAGS = "-DXcode";
				PRODUCT_NAME = "$(TARGET_NAME)";
				SDKROOT = macosx;
				SUPPORTED_PLATFORMS = "macosx iphoneos iphonesimulator appletvos appletvsimulator watchos watchsimulator";
				SWIFT_ACTIVE_COMPILATION_CONDITIONS = SWIFT_PACKAGE;
				SWIFT_OPTIMIZATION_LEVEL = "-Onone";
				USE_HEADERMAP = NO;
			};
			name = Debug;
		};
		OBJ_33 /* Debug */ = {
			isa = XCBuildConfiguration;
			buildSettings = {
				ENABLE_TESTABILITY = YES;
				FRAMEWORK_SEARCH_PATHS = (
					"$(inherited)",
					"$(PLATFORM_DIR)/Developer/Library/Frameworks",
				);
				HEADER_SEARCH_PATHS = "$(inherited)";
				INFOPLIST_FILE = SReachbility.xcodeproj/SReachbility_Info.plist;
				LD_RUNPATH_SEARCH_PATHS = "$(TOOLCHAIN_DIR)/usr/lib/swift/macosx";
				OTHER_LDFLAGS = "$(inherited)";
				OTHER_SWIFT_FLAGS = "$(inherited)";
				PRODUCT_BUNDLE_IDENTIFIER = SReachbility;
				PRODUCT_MODULE_NAME = "$(TARGET_NAME:c99extidentifier)";
				PRODUCT_NAME = "$(TARGET_NAME:c99extidentifier)";
				SKIP_INSTALL = YES;
				SWIFT_VERSION = 4.0;
				TARGET_NAME = SReachbility;
			};
			name = Debug;
		};
		OBJ_34 /* Release */ = {
			isa = XCBuildConfiguration;
			buildSettings = {
				ENABLE_TESTABILITY = YES;
				FRAMEWORK_SEARCH_PATHS = (
					"$(inherited)",
					"$(PLATFORM_DIR)/Developer/Library/Frameworks",
				);
				HEADER_SEARCH_PATHS = "$(inherited)";
				INFOPLIST_FILE = SReachbility.xcodeproj/SReachbility_Info.plist;
				LD_RUNPATH_SEARCH_PATHS = "$(TOOLCHAIN_DIR)/usr/lib/swift/macosx";
				OTHER_LDFLAGS = "$(inherited)";
				OTHER_SWIFT_FLAGS = "$(inherited)";
				PRODUCT_BUNDLE_IDENTIFIER = SReachbility;
				PRODUCT_MODULE_NAME = "$(TARGET_NAME:c99extidentifier)";
				PRODUCT_NAME = "$(TARGET_NAME:c99extidentifier)";
				SKIP_INSTALL = YES;
				SWIFT_VERSION = 4.0;
				TARGET_NAME = SReachbility;
			};
			name = Release;
		};
		OBJ_4 /* Release */ = {
			isa = XCBuildConfiguration;
			buildSettings = {
				CLANG_ENABLE_OBJC_ARC = YES;
				COMBINE_HIDPI_IMAGES = YES;
				COPY_PHASE_STRIP = YES;
				DEBUG_INFORMATION_FORMAT = "dwarf-with-dsym";
				DYLIB_INSTALL_NAME_BASE = "@rpath";
				GCC_OPTIMIZATION_LEVEL = s;
				MACOSX_DEPLOYMENT_TARGET = 10.10;
				OTHER_SWIFT_FLAGS = "-DXcode";
				PRODUCT_NAME = "$(TARGET_NAME)";
				SDKROOT = macosx;
				SUPPORTED_PLATFORMS = "macosx iphoneos iphonesimulator appletvos appletvsimulator watchos watchsimulator";
				SWIFT_ACTIVE_COMPILATION_CONDITIONS = SWIFT_PACKAGE;
				SWIFT_OPTIMIZATION_LEVEL = "-Owholemodule";
				USE_HEADERMAP = NO;
			};
			name = Release;
		};
		OBJ_40 /* Debug */ = {
			isa = XCBuildConfiguration;
			buildSettings = {
				PRODUCT_NAME = SReachabilityPackageTests;
			};
			name = Debug;
		};
		OBJ_41 /* Release */ = {
			isa = XCBuildConfiguration;
			buildSettings = {
				PRODUCT_NAME = SReachabilityPackageTests;
			};
			name = Release;
		};
/* End XCBuildConfiguration section */

/* Begin XCConfigurationList section */
		OBJ_17 /* Build configuration list for PBXNativeTarget "SReachabilityPackageDescription" */ = {
			isa = XCConfigurationList;
			buildConfigurations = (
				OBJ_18 /* Debug */,
				OBJ_19 /* Release */,
			);
			defaultConfigurationIsVisible = 0;
			defaultConfigurationName = Debug;
		};
		OBJ_2 /* Build configuration list for PBXProject "SReachability" */ = {
			isa = XCConfigurationList;
			buildConfigurations = (
				OBJ_3 /* Debug */,
				OBJ_4 /* Release */,
			);
			defaultConfigurationIsVisible = 0;
			defaultConfigurationName = Debug;
		};
		OBJ_23 /* Build configuration list for PBXNativeTarget "SReachabilityTests" */ = {
			isa = XCConfigurationList;
			buildConfigurations = (
				OBJ_24 /* Debug */,
				OBJ_25 /* Release */,
			);
			defaultConfigurationIsVisible = 0;
			defaultConfigurationName = Debug;
		};
		OBJ_32 /* Build configuration list for PBXNativeTarget "SReachability" */ = {
			isa = XCConfigurationList;
			buildConfigurations = (
				OBJ_33 /* Debug */,
				OBJ_34 /* Release */,
			);
			defaultConfigurationIsVisible = 0;
			defaultConfigurationName = Debug;
		};
		OBJ_39 /* Build configuration list for PBXAggregateTarget "SReachabilityPackageTests" */ = {
			isa = XCConfigurationList;
			buildConfigurations = (
				OBJ_40 /* Debug */,
				OBJ_41 /* Release */,
			);
			defaultConfigurationIsVisible = 0;
			defaultConfigurationName = Debug;
		};
/* End XCConfigurationList section */
	};
	rootObject = OBJ_1 /* Project object */;
}
